
Microsoft Visual Studio Solution File, Format Version 12.00
# Visual Studio Version 17
VisualStudioVersion = 17.3.32922.545
MinimumVisualStudioVersion = 10.0.40219.1
Project("{FAE04EC0-301F-11D3-BF4B-00C04F79EFBC}") = "Generics", "Generics\Generics.csproj", "{FD661247-64C0-4177-A9E8-65EDFFA0D787}"
EndProject
Project("{FAE04EC0-301F-11D3-BF4B-00C04F79EFBC}") = "LabsheetItems", "LabsheetItems\LabsheetItems.csproj", "{C23E9D29-9D27-4B9E-B0EF-23ACA6461A3F}"
EndProject
Global
	GlobalSection(SolutionConfigurationPlatforms) = preSolution
		Debug|Any CPU = Debug|Any CPU
		Release|Any CPU = Release|Any CPU
	EndGlobalSection
	GlobalSection(ProjectConfigurationPlatforms) = postSolution
		{FD661247-64C0-4177-A9E8-65EDFFA0D787}.Debug|Any CPU.ActiveCfg = Debug|Any CPU
		{FD661247-64C0-4177-A9E8-65EDFFA0D787}.Debug|Any CPU.Build.0 = Debug|Any CPU
		{FD661247-64C0-4177-A9E8-65EDFFA0D787}.Release|Any CPU.ActiveCfg = Release|Any CPU
		{FD661247-64C0-4177-A9E8-65EDFFA0D787}.Release|Any CPU.Build.0 = Release|Any CPU
		{C23E9D29-9D27-4B9E-B0EF-23ACA6461A3F}.Debug|Any CPU.ActiveCfg = Debug|Any CPU
		{C23E9D29-9D27-4B9E-B0EF-23ACA6461A3F}.Debug|Any CPU.Build.0 = Debug|Any CPU
		{C23E9D29-9D27-4B9E-B0EF-23ACA6461A3F}.Release|Any CPU.ActiveCfg = Release|Any CPU
		{C23E9D29-9D27-4B9E-B0EF-23ACA6461A3F}.Release|Any CPU.Build.0 = Release|Any CPU
	EndGlobalSection
	GlobalSection(SolutionProperties) = preSolution
		HideSolutionNode = FALSE
	EndGlobalSection
	GlobalSection(ExtensibilityGlobals) = postSolution
		SolutionGuid = {5BF5D796-5B76-41BF-B7C1-1BDEF6ACF6EB}
	EndGlobalSection
EndGlobal
